
Microsoft Visual Studio Solution File, Format Version 12.00
# Visual Studio 15
VisualStudioVersion = 15.0.28010.2046
MinimumVisualStudioVersion = 10.0.40219.1
Project("{F184B08F-C81C-45F6-A57F-5ABD9991F28F}") = "CreateNorthwind", "CreateNorthwind\CreateNorthwind.vbproj", "{18E0A824-FF5F-449A-B95D-8BB51EDBE3B5}"
EndProject
Global
	GlobalSection(SolutionConfigurationPlatforms) = preSolution
		Debug|Any CPU = Debug|Any CPU
		Release|Any CPU = Release|Any CPU
	EndGlobalSection
	GlobalSection(ProjectConfigurationPlatforms) = postSolution
		{18E0A824-FF5F-449A-B95D-8BB51EDBE3B5}.Debug|Any CPU.ActiveCfg = Debug|Any CPU
		{18E0A824-FF5F-449A-B95D-8BB51EDBE3B5}.Debug|Any CPU.Build.0 = Debug|Any CPU
		{18E0A824-FF5F-449A-B95D-8BB51EDBE3B5}.Release|Any CPU.ActiveCfg = Release|Any CPU
		{18E0A824-FF5F-449A-B95D-8BB51EDBE3B5}.Release|Any CPU.Build.0 = Release|Any CPU
	EndGlobalSection
	GlobalSection(SolutionProperties) = preSolution
		HideSolutionNode = FALSE
	EndGlobalSection
	GlobalSection(ExtensibilityGlobals) = postSolution
		SolutionGuid = {1462344E-4BB0-4757-A372-5EFCF3344643}
	EndGlobalSection
EndGlobal
